
Microsoft Visual Studio Solution File, Format Version 12.00
# Visual Studio 15
Project("{FAE04EC0-301F-11D3-BF4B-00C04F79EFBC}") = "GREVocabs.iOS", "GREVocabs.iOS\GREVocabs.iOS.csproj", "{14E4B1EA-0CE8-4C48-AF27-05467B26ECBF}"
EndProject
Project("{FAE04EC0-301F-11D3-BF4B-00C04F79EFBC}") = "GREVocabs", "GREVocabs\GREVocabs.csproj", "{5A294A8C-BF86-4BC3-8AE6-4E2050B5A668}"
EndProject
Global
	GlobalSection(SolutionConfigurationPlatforms) = preSolution
		Debug|iPhoneSimulator = Debug|iPhoneSimulator
		Release|iPhoneSimulator = Release|iPhoneSimulator
		Debug|iPhone = Debug|iPhone
		Release|iPhone = Release|iPhone
		Debug|Any CPU = Debug|Any CPU
		Release|Any CPU = Release|Any CPU
	EndGlobalSection
	GlobalSection(ProjectConfigurationPlatforms) = postSolution
		{14E4B1EA-0CE8-4C48-AF27-05467B26ECBF}.Debug|iPhoneSimulator.ActiveCfg = Debug|iPhoneSimulator
		{14E4B1EA-0CE8-4C48-AF27-05467B26ECBF}.Debug|iPhoneSimulator.Build.0 = Debug|iPhoneSimulator
		{14E4B1EA-0CE8-4C48-AF27-05467B26ECBF}.Release|iPhoneSimulator.ActiveCfg = Release|iPhoneSimulator
		{14E4B1EA-0CE8-4C48-AF27-05467B26ECBF}.Release|iPhoneSimulator.Build.0 = Release|iPhoneSimulator
		{14E4B1EA-0CE8-4C48-AF27-05467B26ECBF}.Debug|iPhone.ActiveCfg = Debug|iPhone
		{14E4B1EA-0CE8-4C48-AF27-05467B26ECBF}.Debug|iPhone.Build.0 = Debug|iPhone
		{14E4B1EA-0CE8-4C48-AF27-05467B26ECBF}.Release|iPhone.ActiveCfg = Release|iPhone
		{14E4B1EA-0CE8-4C48-AF27-05467B26ECBF}.Release|iPhone.Build.0 = Release|iPhone
		{14E4B1EA-0CE8-4C48-AF27-05467B26ECBF}.Debug|Any CPU.ActiveCfg = Debug|iPhoneSimulator
		{14E4B1EA-0CE8-4C48-AF27-05467B26ECBF}.Debug|Any CPU.Build.0 = Debug|iPhoneSimulator
		{14E4B1EA-0CE8-4C48-AF27-05467B26ECBF}.Release|Any CPU.ActiveCfg = Release|iPhoneSimulator
		{14E4B1EA-0CE8-4C48-AF27-05467B26ECBF}.Release|Any CPU.Build.0 = Release|iPhoneSimulator
		{5A294A8C-BF86-4BC3-8AE6-4E2050B5A668}.Debug|iPhoneSimulator.ActiveCfg = Debug|Any CPU
		{5A294A8C-BF86-4BC3-8AE6-4E2050B5A668}.Debug|iPhoneSimulator.Build.0 = Debug|Any CPU
		{5A294A8C-BF86-4BC3-8AE6-4E2050B5A668}.Release|iPhoneSimulator.ActiveCfg = Release|Any CPU
		{5A294A8C-BF86-4BC3-8AE6-4E2050B5A668}.Release|iPhoneSimulator.Build.0 = Release|Any CPU
		{5A294A8C-BF86-4BC3-8AE6-4E2050B5A668}.Debug|iPhone.ActiveCfg = Debug|Any CPU
		{5A294A8C-BF86-4BC3-8AE6-4E2050B5A668}.Debug|iPhone.Build.0 = Debug|Any CPU
		{5A294A8C-BF86-4BC3-8AE6-4E2050B5A668}.Release|iPhone.ActiveCfg = Release|Any CPU
		{5A294A8C-BF86-4BC3-8AE6-4E2050B5A668}.Release|iPhone.Build.0 = Release|Any CPU
		{5A294A8C-BF86-4BC3-8AE6-4E2050B5A668}.Debug|Any CPU.ActiveCfg = Debug|Any CPU
		{5A294A8C-BF86-4BC3-8AE6-4E2050B5A668}.Debug|Any CPU.Build.0 = Debug|Any CPU
		{5A294A8C-BF86-4BC3-8AE6-4E2050B5A668}.Release|Any CPU.ActiveCfg = Release|Any CPU
		{5A294A8C-BF86-4BC3-8AE6-4E2050B5A668}.Release|Any CPU.Build.0 = Release|Any CPU
	EndGlobalSection
EndGlobal
