
Microsoft Visual Studio Solution File, Format Version 12.00
# Visual Studio 15
Project("{FAE04EC0-301F-11D3-BF4B-00C04F79EFBC}") = "GREVocab.iOS", "GREVocab.iOS\GREVocab.iOS.csproj", "{198C678F-E571-400E-83DE-2A40F21E3C60}"
EndProject
Project("{FAE04EC0-301F-11D3-BF4B-00C04F79EFBC}") = "GREVocab", "GREVocab\GREVocab.csproj", "{468B3778-4322-4A43-9FA8-53E8E9276F84}"
EndProject
Global
	GlobalSection(SolutionConfigurationPlatforms) = preSolution
		Debug|iPhoneSimulator = Debug|iPhoneSimulator
		Release|iPhoneSimulator = Release|iPhoneSimulator
		Debug|iPhone = Debug|iPhone
		Release|iPhone = Release|iPhone
		Debug|Any CPU = Debug|Any CPU
		Release|Any CPU = Release|Any CPU
	EndGlobalSection
	GlobalSection(ProjectConfigurationPlatforms) = postSolution
		{198C678F-E571-400E-83DE-2A40F21E3C60}.Debug|iPhoneSimulator.ActiveCfg = Debug|iPhoneSimulator
		{198C678F-E571-400E-83DE-2A40F21E3C60}.Debug|iPhoneSimulator.Build.0 = Debug|iPhoneSimulator
		{198C678F-E571-400E-83DE-2A40F21E3C60}.Release|iPhoneSimulator.ActiveCfg = Release|iPhoneSimulator
		{198C678F-E571-400E-83DE-2A40F21E3C60}.Release|iPhoneSimulator.Build.0 = Release|iPhoneSimulator
		{198C678F-E571-400E-83DE-2A40F21E3C60}.Debug|iPhone.ActiveCfg = Debug|iPhone
		{198C678F-E571-400E-83DE-2A40F21E3C60}.Debug|iPhone.Build.0 = Debug|iPhone
		{198C678F-E571-400E-83DE-2A40F21E3C60}.Release|iPhone.ActiveCfg = Release|iPhone
		{198C678F-E571-400E-83DE-2A40F21E3C60}.Release|iPhone.Build.0 = Release|iPhone
		{198C678F-E571-400E-83DE-2A40F21E3C60}.Debug|Any CPU.ActiveCfg = Debug|iPhoneSimulator
		{198C678F-E571-400E-83DE-2A40F21E3C60}.Debug|Any CPU.Build.0 = Debug|iPhoneSimulator
		{198C678F-E571-400E-83DE-2A40F21E3C60}.Release|Any CPU.ActiveCfg = Release|iPhoneSimulator
		{198C678F-E571-400E-83DE-2A40F21E3C60}.Release|Any CPU.Build.0 = Release|iPhoneSimulator
		{468B3778-4322-4A43-9FA8-53E8E9276F84}.Debug|iPhoneSimulator.ActiveCfg = Debug|Any CPU
		{468B3778-4322-4A43-9FA8-53E8E9276F84}.Debug|iPhoneSimulator.Build.0 = Debug|Any CPU
		{468B3778-4322-4A43-9FA8-53E8E9276F84}.Release|iPhoneSimulator.ActiveCfg = Release|Any CPU
		{468B3778-4322-4A43-9FA8-53E8E9276F84}.Release|iPhoneSimulator.Build.0 = Release|Any CPU
		{468B3778-4322-4A43-9FA8-53E8E9276F84}.Debug|iPhone.ActiveCfg = Debug|Any CPU
		{468B3778-4322-4A43-9FA8-53E8E9276F84}.Debug|iPhone.Build.0 = Debug|Any CPU
		{468B3778-4322-4A43-9FA8-53E8E9276F84}.Release|iPhone.ActiveCfg = Release|Any CPU
		{468B3778-4322-4A43-9FA8-53E8E9276F84}.Release|iPhone.Build.0 = Release|Any CPU
		{468B3778-4322-4A43-9FA8-53E8E9276F84}.Debug|Any CPU.ActiveCfg = Debug|Any CPU
		{468B3778-4322-4A43-9FA8-53E8E9276F84}.Debug|Any CPU.Build.0 = Debug|Any CPU
		{468B3778-4322-4A43-9FA8-53E8E9276F84}.Release|Any CPU.ActiveCfg = Release|Any CPU
		{468B3778-4322-4A43-9FA8-53E8E9276F84}.Release|Any CPU.Build.0 = Release|Any CPU
	EndGlobalSection
EndGlobal
